<?xml version="1.0" encoding="utf-8"?>
<Project ToolsVersion="4.0" xmlns="http://schemas.microsoft.com/developer/msbuild/2003">
  <ItemGroup>
    <Filter Include="Source Files">
      <UniqueIdentifier>{4FC737F1-C7A5-4376-A066-2A32D752A2FF}</UniqueIdentifier>
      <Extensions>cpp;c;cc;cxx;c++;def;odl;idl;hpj;bat;asm;asmx</Extensions>
    </Filter>
    <Filter Include="Header Files">
      <UniqueIdentifier>{93995380-89BD-4b04-88EB-625FBE52EBFB}</UniqueIdentifier>
      <Extensions>h;hh;hpp;hxx;h++;hm;inl;inc;ipp;xsd</Extensions>
    </Filter>
    <Filter Include="Resource Files">
      <UniqueIdentifier>{67DA6AB6-F800-4c08-8B7A-83BB121AAD01}</UniqueIdentifier>
      <Extensions>rc;ico;cur;bmp;dlg;rc2;rct;bin;rgs;gif;jpg;jpeg;jpe;resx;tiff;tif;png;wav;mfcribbon-ms</Extensions>
    </Filter>
  </ItemGroup>
  <ItemGroup>
    <ClCompile Include="lintcode.cpp">
      <Filter>Source Files</Filter>
    </ClCompile>
  </ItemGroup>
  <ItemGroup>
    <ClInclude Include="class-hw.h">
      <Filter>Source Files</Filter>
    </ClInclude>
    <ClInclude Include="data-types.h">
      <Filter>Source Files</Filter>
    </ClInclude>
    <ClInclude Include="lintcode.h">
      <Filter>Source Files</Filter>
    </ClInclude>
    <ClInclude Include="lintcode-0005.h">
      <Filter>Source Files</Filter>
    </ClInclude>
    <ClInclude Include="lintcode-0006.h">
      <Filter>Source Files</Filter>
    </ClInclude>
    <ClInclude Include="lintcode-0007.h">
      <Filter>Source Files</Filter>
    </ClInclude>
    <ClInclude Include="lintcode-0010.h">
      <Filter>Source Files</Filter>
    </ClInclude>
    <ClInclude Include="lintcode-0011.h">
      <Filter>Source Files</Filter>
    </ClInclude>
    <ClInclude Include="lintcode-0012.h">
      <Filter>Source Files</Filter>
    </ClInclude>
    <ClInclude Include="lintcode-0013.h">
      <Filter>Source Files</Filter>
    </ClInclude>
    <ClInclude Include="lintcode-0015.h">
      <Filter>Source Files</Filter>
    </ClInclude>
    <ClInclude Include="lintcode-0016.h">
      <Filter>Source Files</Filter>
    </ClInclude>
    <ClInclude Include="lintcode-0017.h">
      <Filter>Source Files</Filter>
    </ClInclude>
    <ClInclude Include="lintcode-0018.h">
      <Filter>Source Files</Filter>
    </ClInclude>
    <ClInclude Include="lintcode-0028.h">
      <Filter>Source Files</Filter>
    </ClInclude>
    <ClInclude Include="lintcode-0033.h">
      <Filter>Source Files</Filter>
    </ClInclude>
    <ClInclude Include="lintcode-0034.h">
      <Filter>Source Files</Filter>
    </ClInclude>
    <ClInclude Include="lintcode-0038.h">
      <Filter>Source Files</Filter>
    </ClInclude>
    <ClInclude Include="lintcode-0040.h">
      <Filter>Source Files</Filter>
    </ClInclude>
    <ClInclude Include="lintcode-0046.h">
      <Filter>Source Files</Filter>
    </ClInclude>
    <ClInclude Include="lintcode-0056.h">
      <Filter>Source Files</Filter>
    </ClInclude>
    <ClInclude Include="lintcode-0057.h">
      <Filter>Source Files</Filter>
    </ClInclude>
    <ClInclude Include="lintcode-0059.h">
      <Filter>Source Files</Filter>
    </ClInclude>
    <ClInclude Include="lintcode-0061.h">
      <Filter>Source Files</Filter>
    </ClInclude>
    <ClInclude Include="lintcode-0064.h">
      <Filter>Source Files</Filter>
    </ClInclude>
    <ClInclude Include="lintcode-0065.h">
      <Filter>Source Files</Filter>
    </ClInclude>
    <ClInclude Include="lintcode-0068.h">
      <Filter>Source Files</Filter>
    </ClInclude>
    <ClInclude Include="lintcode-0069.h">
      <Filter>Source Files</Filter>
    </ClInclude>
    <ClInclude Include="lintcode-0072.h">
      <Filter>Source Files</Filter>
    </ClInclude>
    <ClInclude Include="lintcode-0076.h">
      <Filter>Source Files</Filter>
    </ClInclude>
    <ClInclude Include="lintcode-0080.h">
      <Filter>Source Files</Filter>
    </ClInclude>
    <ClInclude Include="lintcode-0088.h">
      <Filter>Source Files</Filter>
    </ClInclude>
    <ClInclude Include="lintcode-0090.h">
      <Filter>Source Files</Filter>
    </ClInclude>
    <ClInclude Include="lintcode-0092.h">
      <Filter>Source Files</Filter>
    </ClInclude>
    <ClInclude Include="lintcode-0102.h">
      <Filter>Source Files</Filter>
    </ClInclude>
    <ClInclude Include="lintcode-0103.h">
      <Filter>Source Files</Filter>
    </ClInclude>
    <ClInclude Include="lintcode-0104.h">
      <Filter>Source Files</Filter>
    </ClInclude>
    <ClInclude Include="lintcode-0109.h">
      <Filter>Source Files</Filter>
    </ClInclude>
    <ClInclude Include="lintcode-0110.h">
      <Filter>Source Files</Filter>
    </ClInclude>
    <ClInclude Include="lintcode-0111.h">
      <Filter>Source Files</Filter>
    </ClInclude>
    <ClInclude Include="lintcode-0114.h">
      <Filter>Source Files</Filter>
    </ClInclude>
    <ClInclude Include="lintcode-0115.h">
      <Filter>Source Files</Filter>
    </ClInclude>
    <ClInclude Include="lintcode-0116.h">
      <Filter>Source Files</Filter>
    </ClInclude>
    <ClInclude Include="lintcode-0120.h">
      <Filter>Source Files</Filter>
    </ClInclude>
    <ClInclude Include="lintcode-0125.h">
      <Filter>Source Files</Filter>
    </ClInclude>
    <ClInclude Include="lintcode-0127.h">
      <Filter>Source Files</Filter>
    </ClInclude>
    <ClInclude Include="lintcode-0128.h">
      <Filter>Source Files</Filter>
    </ClInclude>
    <ClInclude Include="lintcode-0129.h">
      <Filter>Source Files</Filter>
    </ClInclude>
    <ClInclude Include="lintcode-0130.h">
      <Filter>Source Files</Filter>
    </ClInclude>
    <ClInclude Include="lintcode-0132.h">
      <Filter>Source Files</Filter>
    </ClInclude>
    <ClInclude Include="lintcode-0134.h">
      <Filter>Source Files</Filter>
    </ClInclude>
    <ClInclude Include="lintcode-0135.h">
      <Filter>Source Files</Filter>
    </ClInclude>
    <ClInclude Include="lintcode-0137.h">
      <Filter>Source Files</Filter>
    </ClInclude>
    <ClInclude Include="lintcode-0138.h">
      <Filter>Source Files</Filter>
    </ClInclude>
    <ClInclude Include="lintcode-0140.h">
      <Filter>Source Files</Filter>
    </ClInclude>
    <ClInclude Include="lintcode-0143.h">
      <Filter>Source Files</Filter>
    </ClInclude>
    <ClInclude Include="lintcode-0148.h">
      <Filter>Source Files</Filter>
    </ClInclude>
    <ClInclude Include="lintcode-0154.h">
      <Filter>Source Files</Filter>
    </ClInclude>
    <ClInclude Include="lintcode-0155.h">
      <Filter>Source Files</Filter>
    </ClInclude>
    <ClInclude Include="lintcode-0183.h">
      <Filter>Source Files</Filter>
    </ClInclude>
    <ClInclude Include="lintcode-0187.h">
      <Filter>Source Files</Filter>
    </ClInclude>
    <ClInclude Include="lintcode-0192.h">
      <Filter>Source Files</Filter>
    </ClInclude>
    <ClInclude Include="lintcode-0200.h">
      <Filter>Source Files</Filter>
    </ClInclude>
    <ClInclude Include="lintcode-0209.h">
      <Filter>Source Files</Filter>
    </ClInclude>
    <ClInclude Include="lintcode-0228.h">
      <Filter>Source Files</Filter>
    </ClInclude>
    <ClInclude Include="lintcode-0235.h">
      <Filter>Source Files</Filter>
    </ClInclude>
    <ClInclude Include="lintcode-0242.h">
      <Filter>Source Files</Filter>
    </ClInclude>
    <ClInclude Include="lintcode-0246.h">
      <Filter>Source Files</Filter>
    </ClInclude>
    <ClInclude Include="lintcode-0272.h">
      <Filter>Source Files</Filter>
    </ClInclude>
    <ClInclude Include="lintcode-0376.h">
      <Filter>Source Files</Filter>
    </ClInclude>
    <ClInclude Include="lintcode-0380.h">
      <Filter>Source Files</Filter>
    </ClInclude>
    <ClInclude Include="lintcode-0386.h">
      <Filter>Source Files</Filter>
    </ClInclude>
    <ClInclude Include="lintcode-0397.h">
      <Filter>Source Files</Filter>
    </ClInclude>
    <ClInclude Include="lintcode-0398.h">
      <Filter>Source Files</Filter>
    </ClInclude>
    <ClInclude Include="lintcode-0414.h">
      <Filter>Source Files</Filter>
    </ClInclude>
    <ClInclude Include="lintcode-0415.h">
      <Filter>Source Files</Filter>
    </ClInclude>
    <ClInclude Include="lintcode-0425.h">
      <Filter>Source Files</Filter>
    </ClInclude>
    <ClInclude Include="lintcode-0428.h">
      <Filter>Source Files</Filter>
    </ClInclude>
    <ClInclude Include="lintcode-0433.h">
      <Filter>Source Files</Filter>
    </ClInclude>
    <ClInclude Include="lintcode-0437.h">
      <Filter>Source Files</Filter>
    </ClInclude>
    <ClInclude Include="lintcode-0440.h">
      <Filter>Source Files</Filter>
    </ClInclude>
    <ClInclude Include="lintcode-0448.h">
      <Filter>Source Files</Filter>
    </ClInclude>
    <ClInclude Include="lintcode-0453.h">
      <Filter>Source Files</Filter>
    </ClInclude>
    <ClInclude Include="lintcode-0457.h">
      <Filter>Source Files</Filter>
    </ClInclude>
    <ClInclude Include="lintcode-0462.h">
      <Filter>Source Files</Filter>
    </ClInclude>
    <ClInclude Include="lintcode-0463.h">
      <Filter>Source Files</Filter>
    </ClInclude>
    <ClInclude Include="lintcode-0464.h">
      <Filter>Source Files</Filter>
    </ClInclude>
    <ClInclude Include="lintcode-0465.h">
      <Filter>Source Files</Filter>
    </ClInclude>
    <ClInclude Include="lintcode-0474.h">
      <Filter>Source Files</Filter>
    </ClInclude>
    <ClInclude Include="lintcode-0521.h">
      <Filter>Source Files</Filter>
    </ClInclude>
    <ClInclude Include="lintcode-0531.h">
      <Filter>Source Files</Filter>
    </ClInclude>
    <ClInclude Include="lintcode-0547.h">
      <Filter>Source Files</Filter>
    </ClInclude>
    <ClInclude Include="lintcode-0548.h">
      <Filter>Source Files</Filter>
    </ClInclude>
    <ClInclude Include="lintcode-0563.h">
      <Filter>Source Files</Filter>
    </ClInclude>
    <ClInclude Include="lintcode-0577.h">
      <Filter>Source Files</Filter>
    </ClInclude>
    <ClInclude Include="lintcode-0578.h">
      <Filter>Source Files</Filter>
    </ClInclude>
    <ClInclude Include="lintcode-0582.h">
      <Filter>Source Files</Filter>
    </ClInclude>
    <ClInclude Include="lintcode-0587.h">
      <Filter>Source Files</Filter>
    </ClInclude>
    <ClInclude Include="lintcode-0594.h">
      <Filter>Source Files</Filter>
    </ClInclude>
    <ClInclude Include="lintcode-0596.h">
      <Filter>Source Files</Filter>
    </ClInclude>
    <ClInclude Include="lintcode-0600.h">
      <Filter>Source Files</Filter>
    </ClInclude>
    <ClInclude Include="lintcode-0602.h">
      <Filter>Source Files</Filter>
    </ClInclude>
    <ClInclude Include="lintcode-0603.h">
      <Filter>Source Files</Filter>
    </ClInclude>
    <ClInclude Include="lintcode-0604.h">
      <Filter>Source Files</Filter>
    </ClInclude>
    <ClInclude Include="lintcode-0606.h">
      <Filter>Source Files</Filter>
    </ClInclude>
    <ClInclude Include="lintcode-0609.h">
      <Filter>Source Files</Filter>
    </ClInclude>
    <ClInclude Include="lintcode-0610.h">
      <Filter>Source Files</Filter>
    </ClInclude>
    <ClInclude Include="lintcode-0611.h">
      <Filter>Source Files</Filter>
    </ClInclude>
    <ClInclude Include="lintcode-0615.h">
      <Filter>Source Files</Filter>
    </ClInclude>
    <ClInclude Include="lintcode-0616.h">
      <Filter>Source Files</Filter>
    </ClInclude>
    <ClInclude Include="lintcode-0624.h">
      <Filter>Source Files</Filter>
    </ClInclude>
    <ClInclude Include="lintcode-0627.h">
      <Filter>Source Files</Filter>
    </ClInclude>
    <ClInclude Include="lintcode-0630.h">
      <Filter>Source Files</Filter>
    </ClInclude>
    <ClInclude Include="lintcode-0657.h">
      <Filter>Source Files</Filter>
    </ClInclude>
    <ClInclude Include="lintcode-0667.h">
      <Filter>Source Files</Filter>
    </ClInclude>
    <ClInclude Include="lintcode-0680.h">
      <Filter>Source Files</Filter>
    </ClInclude>
    <ClInclude Include="lintcode-0683.h">
      <Filter>Source Files</Filter>
    </ClInclude>
    <ClInclude Include="lintcode-0685.h">
      <Filter>Source Files</Filter>
    </ClInclude>
    <ClInclude Include="lintcode-0724.h">
      <Filter>Source Files</Filter>
    </ClInclude>
    <ClInclude Include="lintcode-0761.h">
      <Filter>Source Files</Filter>
    </ClInclude>
    <ClInclude Include="lintcode-0787.h">
      <Filter>Source Files</Filter>
    </ClInclude>
    <ClInclude Include="lintcode-0788.h">
      <Filter>Source Files</Filter>
    </ClInclude>
    <ClInclude Include="lintcode-0793.h">
      <Filter>Source Files</Filter>
    </ClInclude>
    <ClInclude Include="lintcode-0794.h">
      <Filter>Source Files</Filter>
    </ClInclude>
    <ClInclude Include="lintcode-0802.h">
      <Filter>Source Files</Filter>
    </ClInclude>
    <ClInclude Include="lintcode-0816.h">
      <Filter>Source Files</Filter>
    </ClInclude>
    <ClInclude Include="lintcode-0839.h">
      <Filter>Source Files</Filter>
    </ClInclude>
    <ClInclude Include="lintcode-0841.h">
      <Filter>Source Files</Filter>
    </ClInclude>
    <ClInclude Include="lintcode-0845.h">
      <Filter>Source Files</Filter>
    </ClInclude>
    <ClInclude Include="lintcode-0859.h">
      <Filter>Source Files</Filter>
    </ClInclude>
    <ClInclude Include="lintcode-0891.h">
      <Filter>Source Files</Filter>
    </ClInclude>
    <ClInclude Include="lintcode-0900.h">
      <Filter>Source Files</Filter>
    </ClInclude>
    <ClInclude Include="lintcode-0902.h">
      <Filter>Source Files</Filter>
    </ClInclude>
    <ClInclude Include="lintcode-0915.h">
      <Filter>Source Files</Filter>
    </ClInclude>
    <ClInclude Include="lintcode-0931.h">
      <Filter>Source Files</Filter>
    </ClInclude>
    <ClInclude Include="lintcode-0939.h">
      <Filter>Source Files</Filter>
    </ClInclude>
    <ClInclude Include="lintcode-1179.h">
      <Filter>Source Files</Filter>
    </ClInclude>
    <ClInclude Include="lintcode-1246.h">
      <Filter>Source Files</Filter>
    </ClInclude>
    <ClInclude Include="lintcode-1311.h">
      <Filter>Source Files</Filter>
    </ClInclude>
    <ClInclude Include="lintcode-1343.h">
      <Filter>Source Files</Filter>
    </ClInclude>
    <ClInclude Include="lintcode-1375.h">
      <Filter>Source Files</Filter>
    </ClInclude>
    <ClInclude Include="lintcode-1536.h">
      <Filter>Source Files</Filter>
    </ClInclude>
    <ClInclude Include="lintcode-1790.h">
      <Filter>Source Files</Filter>
    </ClInclude>
    <ClInclude Include="lintcode-1870.h">
      <Filter>Source Files</Filter>
    </ClInclude>
    <ClInclude Include="lintcode-1879.h">
      <Filter>Source Files</Filter>
    </ClInclude>
    <ClInclude Include="lintcode-0607.h">
      <Filter>Source Files</Filter>
    </ClInclude>
    <ClInclude Include="lintcode-0031.h">
      <Filter>Source Files</Filter>
    </ClInclude>
  </ItemGroup>
</Project>